// !$*UTF8*$!
{
	archiveVersion = 1;
	classes = {
	};
	objectVersion = 46;
	objects = {

/* Begin PBXBuildFile section */
		674123551E279E47007E4393 /* AppDelegate.swift in Sources */ = {isa = PBXBuildFile; fileRef = 674123541E279E47007E4393 /* AppDelegate.swift */; };
		674123571E279E47007E4393 /* TopMostViewController.swift in Sources */ = {isa = PBXBuildFile; fileRef = 674123561E279E47007E4393 /* TopMostViewController.swift */; };
		6741235F1E279E47007E4393 /* LaunchScreen.storyboard in Resources */ = {isa = PBXBuildFile; fileRef = 6741235D1E279E47007E4393 /* LaunchScreen.storyboard */; };
		674123671E279EBC007E4393 /* TiptoesNavController.swift in Sources */ = {isa = PBXBuildFile; fileRef = 674123661E279EBC007E4393 /* TiptoesNavController.swift */; };
		674123691E27A01F007E4393 /* BelowBackViewController.swift in Sources */ = {isa = PBXBuildFile; fileRef = 674123681E27A01F007E4393 /* BelowBackViewController.swift */; };
/* End PBXBuildFile section */

/* Begin PBXFileReference section */
		674123511E279E47007E4393 /* Tiptoes.app */ = {isa = PBXFileReference; explicitFileType = wrapper.application; includeInIndex = 0; path = Tiptoes.app; sourceTree = BUILT_PRODUCTS_DIR; };
		674123541E279E47007E4393 /* AppDelegate.swift */ = {isa = PBXFileReference; lastKnownFileType = sourcecode.swift; path = AppDelegate.swift; sourceTree = "<group>"; };
		674123561E279E47007E4393 /* TopMostViewController.swift */ = {isa = PBXFileReference; lastKnownFileType = sourcecode.swift; path = TopMostViewController.swift; sourceTree = "<group>"; };
		6741235E1E279E47007E4393 /* Base */ = {isa = PBXFileReference; lastKnownFileType = file.storyboard; name = Base; path = Base.lproj/LaunchScreen.storyboard; sourceTree = "<group>"; };
		674123601E279E47007E4393 /* Info.plist */ = {isa = PBXFileReference; lastKnownFileType = text.plist.xml; path = Info.plist; sourceTree = "<group>"; };
		674123661E279EBC007E4393 /* TiptoesNavController.swift */ = {isa = PBXFileReference; fileEncoding = 4; lastKnownFileType = sourcecode.swift; path = TiptoesNavController.swift; sourceTree = "<group>"; };
		674123681E27A01F007E4393 /* BelowBackViewController.swift */ = {isa = PBXFileReference; fileEncoding = 4; lastKnownFileType = sourcecode.swift; path = BelowBackViewController.swift; sourceTree = "<group>"; };
/* End PBXFileReference section */

/* Begin PBXFrameworksBuildPhase section */
		6741234E1E279E47007E4393 /* Frameworks */ = {
			isa = PBXFrameworksBuildPhase;
			buildActionMask = 2147483647;
			files = (
			);
			runOnlyForDeploymentPostprocessing = 0;
		};
/* End PBXFrameworksBuildPhase section */

/* Begin PBXGroup section */
		674123481E279E47007E4393 = {
			isa = PBXGroup;
			children = (
				674123531E279E47007E4393 /* Tiptoes */,
				674123521E279E47007E4393 /* Products */,
			);
			sourceTree = "<group>";
		};
		674123521E279E47007E4393 /* Products */ = {
			isa = PBXGroup;
			children = (
				674123511E279E47007E4393 /* Tiptoes.app */,
			);
			name = Products;
			sourceTree = "<group>";
		};
		674123531E279E47007E4393 /* Tiptoes */ = {
			isa = PBXGroup;
			children = (
				674123541E279E47007E4393 /* AppDelegate.swift */,
				674123561E279E47007E4393 /* TopMostViewController.swift */,
				674123681E27A01F007E4393 /* BelowBackViewController.swift */,
				674123661E279EBC007E4393 /* TiptoesNavController.swift */,
				6741235D1E279E47007E4393 /* LaunchScreen.storyboard */,
				674123601E279E47007E4393 /* Info.plist */,
			);
			path = Tiptoes;
			sourceTree = "<group>";
		};
/* End PBXGroup section */

/* Begin PBXNativeTarget section */
		674123501E279E47007E4393 /* Tiptoes */ = {
			isa = PBXNativeTarget;
			buildConfigurationList = 674123631E279E47007E4393 /* Build configuration list for PBXNativeTarget "Tiptoes" */;
			buildPhases = (
				6741234D1E279E47007E4393 /* Sources */,
				6741234E1E279E47007E4393 /* Frameworks */,
				6741234F1E279E47007E4393 /* Resources */,
			);
			buildRules = (
			);
			dependencies = (
			);
			name = Tiptoes;
			productName = Tiptoes;
			productReference = 674123511E279E47007E4393 /* Tiptoes.app */;
			productType = "com.apple.product-type.application";
		};
/* End PBXNativeTarget section */

/* Begin PBXProject section */
		674123491E279E47007E4393 /* Project object */ = {
			isa = PBXProject;
			attributes = {
				LastSwiftUpdateCheck = 0810;
				LastUpgradeCheck = 0810;
				ORGANIZATIONNAME = "Nanjing University";
				TargetAttributes = {
					674123501E279E47007E4393 = {
						CreatedOnToolsVersion = 8.1;
						DevelopmentTeam = RCMHACTPLY;
						ProvisioningStyle = Automatic;
					};
				};
			};
			buildConfigurationList = 6741234C1E279E47007E4393 /* Build configuration list for PBXProject "Tiptoes" */;
			compatibilityVersion = "Xcode 3.2";
			developmentRegion = English;
			hasScannedForEncodings = 0;
			knownRegions = (
				en,
				Base,
			);
			mainGroup = 674123481E279E47007E4393;
			productRefGroup = 674123521E279E47007E4393 /* Products */;
			projectDirPath = "";
			projectRoot = "";
			targets = (
				674123501E279E47007E4393 /* Tiptoes */,
			);
		};
/* End PBXProject section */

/* Begin PBXResourcesBuildPhase section */
		6741234F1E279E47007E4393 /* Resources */ = {
			isa = PBXResourcesBuildPhase;
			buildActionMask = 2147483647;
			files = (
				6741235F1E279E47007E4393 /* LaunchScreen.storyboard in Resources */,
			);
			runOnlyForDeploymentPostprocessing = 0;
		};
/* End PBXResourcesBuildPhase section */

/* Begin PBXSourcesBuildPhase section */
		6741234D1E279E47007E4393 /* Sources */ = {
			isa = PBXSourcesBuildPhase;
			buildActionMask = 2147483647;
			files = (
				674123571E279E47007E4393 /* TopMostViewController.swift in Sources */,
				674123671E279EBC007E4393 /* TiptoesNavController.swift in Sources */,
				674123551E279E47007E4393 /* AppDelegate.swift in Sources */,
				674123691E27A01F007E4393 /* BelowBackViewController.swift in Sources */,
			);
			runOnlyForDeploymentPostprocessing = 0;
		};
/* End PBXSourcesBuildPhase section */

/* Begin PBXVariantGroup section */
		6741235D1E279E47007E4393 /* LaunchScreen.storyboard */ = {
			isa = PBXVariantGroup;
			children = (
				6741235E1E279E47007E4393 /* Base */,
			);
			name = LaunchScreen.storyboard;
			sourceTree = "<group>";
		};
/* End PBXVariantGroup section */

/* Begin XCBuildConfiguration section */
		674123611E279E47007E4393 /* Debug */ = {
			isa = XCBuildConfiguration;
			buildSettings = {
				ALWAYS_SEARCH_USER_PATHS = NO;
				CLANG_ANALYZER_NONNULL = YES;
				CLANG_CXX_LANGUAGE_STANDARD = "gnu++0x";
				CLANG_CXX_LIBRARY = "libc++";
				CLANG_ENABLE_MODULES = YES;
				CLANG_ENABLE_OBJC_ARC = YES;
				CLANG_WARN_BOOL_CONVERSION = YES;
				CLANG_WARN_CONSTANT_CONVERSION = YES;
				CLANG_WARN_DIRECT_OBJC_ISA_USAGE = YES_ERROR;
				CLANG_WARN_DOCUMENTATION_COMMENTS = YES;
				CLANG_WARN_EMPTY_BODY = YES;
				CLANG_WARN_ENUM_CONVERSION = YES;
				CLANG_WARN_INFINITE_RECURSION = YES;
				CLANG_WARN_INT_CONVERSION = YES;
				CLANG_WARN_OBJC_ROOT_CLASS = YES_ERROR;
				CLANG_WARN_SUSPICIOUS_MOVES = YES;
				CLANG_WARN_UNREACHABLE_CODE = YES;
				CLANG_WARN__DUPLICATE_METHOD_MATCH = YES;
				"CODE_SIGN_IDENTITY[sdk=iphoneos*]" = "iPhone Developer";
				COPY_PHASE_STRIP = NO;
				DEBUG_INFORMATION_FORMAT = dwarf;
				ENABLE_STRICT_OBJC_MSGSEND = YES;
				ENABLE_TESTABILITY = YES;
				GCC_C_LANGUAGE_STANDARD = gnu99;
				GCC_DYNAMIC_NO_PIC = NO;
				GCC_NO_COMMON_BLOCKS = YES;
				GCC_OPTIMIZATION_LEVEL = 0;
				GCC_PREPROCESSOR_DEFINITIONS = (
					"DEBUG=1",
					"$(inherited)",
				);
				GCC_WARN_64_TO_32_BIT_CONVERSION = YES;
				GCC_WARN_ABOUT_RETURN_TYPE = YES_ERROR;
				GCC_WARN_UNDECLARED_SELECTOR = YES;
				GCC_WARN_UNINITIALIZED_AUTOS = YES_AGGRESSIVE;
				GCC_WARN_UNUSED_FUNCTION = YES;
				GCC_WARN_UNUSED_VARIABLE = YES;
				IPHONEOS_DEPLOYMENT_TARGET = 10.1;
				MTL_ENABLE_DEBUG_INFO = YES;
				ONLY_ACTIVE_ARCH = YES;
				SDKROOT = iphoneos;
				SWIFT_ACTIVE_COMPILATION_CONDITIONS = DEBUG;
				SWIFT_OPTIMIZATION_LEVEL = "-Onone";
			};
			name = Debug;
		};
		674123621E279E47007E4393 /* Release */ = {
			isa = XCBuildConfiguration;
			buildSettings = {
				ALWAYS_SEARCH_USER_PATHS = NO;
				CLANG_ANALYZER_NONNULL = YES;
				CLANG_CXX_LANGUAGE_STANDARD = "gnu++0x";
				CLANG_CXX_LIBRARY = "libc++";
				CLANG_ENABLE_MODULES = YES;
				CLANG_ENABLE_OBJC_ARC = YES;
				CLANG_WARN_BOOL_CONVERSION = YES;
				CLANG_WARN_CONSTANT_CONVERSION = YES;
				CLANG_WARN_DIRECT_OBJC_ISA_USAGE = YES_ERROR;
				CLANG_WARN_DOCUMENTATION_COMMENTS = YES;
				CLANG_WARN_EMPTY_BODY = YES;
				CLANG_WARN_ENUM_CONVERSION = YES;
				CLANG_WARN_INFINITE_RECURSION = YES;
				CLANG_WARN_INT_CONVERSION = YES;
				CLANG_WARN_OBJC_ROOT_CLASS = YES_ERROR;
				CLANG_WARN_SUSPICIOUS_MOVES = YES;
				CLANG_WARN_UNREACHABLE_CODE = YES;
				CLANG_WARN__DUPLICATE_METHOD_MATCH = YES;
				"CODE_SIGN_IDENTITY[sdk=iphoneos*]" = "iPhone Developer";
				COPY_PHASE_STRIP = NO;
				DEBUG_INFORMATION_FORMAT = "dwarf-with-dsym";
				ENABLE_NS_ASSERTIONS = NO;
				ENABLE_STRICT_OBJC_MSGSEND = YES;
				GCC_C_LANGUAGE_STANDARD = gnu99;
				GCC_NO_COMMON_BLOCKS = YES;
				GCC_WARN_64_TO_32_BIT_CONVERSION = YES;
				GCC_WARN_ABOUT_RETURN_TYPE = YES_ERROR;
				GCC_WARN_UNDECLARED_SELECTOR = YES;
				GCC_WARN_UNINITIALIZED_AUTOS = YES_AGGRESSIVE;
				GCC_WARN_UNUSED_FUNCTION = YES;
				GCC_WARN_UNUSED_VARIABLE = YES;
				IPHONEOS_DEPLOYMENT_TARGET = 10.1;
				MTL_ENABLE_DEBUG_INFO = NO;
				SDKROOT = iphoneos;
				SWIFT_OPTIMIZATION_LEVEL = "-Owholemodule";
				VALIDATE_PRODUCT = YES;
			};
			name = Release;
		};
		674123641E279E47007E4393 /* Debug */ = {
			isa = XCBuildConfiguration;
			buildSettings = {
				ASSETCATALOG_COMPILER_APPICON_NAME = AppIcon;
				DEVELOPMENT_TEAM = RCMHACTPLY;
				INFOPLIST_FILE = Tiptoes/Info.plist;
				IPHONEOS_DEPLOYMENT_TARGET = 9.0;
				LD_RUNPATH_SEARCH_PATHS = "$(inherited) @executable_path/Frameworks";
				PRODUCT_BUNDLE_IDENTIFIER = me.soledad.Tiptoes;
				PRODUCT_NAME = "$(TARGET_NAME)";
				SWIFT_VERSION = 3.0;
			};
			name = Debug;
		};
		674123651E279E47007E4393 /* Release */ = {
			isa = XCBuildConfiguration;
			buildSettings = {
				ASSETCATALOG_COMPILER_APPICON_NAME = AppIcon;
				DEVELOPMENT_TEAM = RCMHACTPLY;
				INFOPLIST_FILE = Tiptoes/Info.plist;
				IPHONEOS_DEPLOYMENT_TARGET = 9.0;
				LD_RUNPATH_SEARCH_PATHS = "$(inherited) @executable_path/Frameworks";
				PRODUCT_BUNDLE_IDENTIFIER = me.soledad.Tiptoes;
				PRODUCT_NAME = "$(TARGET_NAME)";
				SWIFT_VERSION = 3.0;
			};
			name = Release;
		};
/* End XCBuildConfiguration section */

/* Begin XCConfigurationList section */
		6741234C1E279E47007E4393 /* Build configuration list for PBXProject "Tiptoes" */ = {
			isa = XCConfigurationList;
			buildConfigurations = (
				674123611E279E47007E4393 /* Debug */,
				674123621E279E47007E4393 /* Release */,
			);
			defaultConfigurationIsVisible = 0;
			defaultConfigurationName = Release;
		};
		674123631E279E47007E4393 /* Build configuration list for PBXNativeTarget "Tiptoes" */ = {
			isa = XCConfigurationList;
			buildConfigurations = (
				674123641E279E47007E4393 /* Debug */,
				674123651E279E47007E4393 /* Release */,
			);
			defaultConfigurationIsVisible = 0;
			defaultConfigurationName = Release;
		};
/* End XCConfigurationList section */
	};
	rootObject = 674123491E279E47007E4393 /* Project object */;
}
